
Microsoft Visual Studio Solution File, Format Version 12.00
Project("{FAE04EC0-301F-11D3-BF4B-00C04F79EFBC}") = "TemporaryProject", "TemporaryProject\TemporaryProject.csproj", "{85922AD5-0750-475E-8832-EF18540C654F}"
EndProject
Project("{FAE04EC0-301F-11D3-BF4B-00C04F79EFBC}") = "MiddlewareExample", "MiddlewareExample\MiddlewareExample.csproj", "{AE311C5E-A72F-46AF-8C73-DC8580213905}"
EndProject
Project("{FAE04EC0-301F-11D3-BF4B-00C04F79EFBC}") = "RoutingExamples", "RoutingExamples\RoutingExamples.csproj", "{E5D7134F-0A32-4BAF-9969-C99FD324E188}"
EndProject
Project("{FAE04EC0-301F-11D3-BF4B-00C04F79EFBC}") = "TopLevelStatement", "TopLevelStatement\TopLevelStatement.csproj", "{D7D0CAD5-BBFF-4E26-8DC9-83D57A8B5F17}"
EndProject
Project("{FAE04EC0-301F-11D3-BF4B-00C04F79EFBC}") = "ControllesExample", "ControllesExample\ControllesExample.csproj", "{2B2782D2-91F6-460F-89E7-4C2438749786}"
EndProject
Project("{FAE04EC0-301F-11D3-BF4B-00C04F79EFBC}") = "IActionResultExample", "IActionResultExample\IActionResultExample.csproj", "{D2D300D7-ED3E-4165-8FD3-F6CE2B8C236E}"
EndProject
Project("{FAE04EC0-301F-11D3-BF4B-00C04F79EFBC}") = "ModelValidationsExample", "ModelValidationsExample\ModelValidationsExample.csproj", "{DCA991A4-9E8A-4876-8F4D-959646DB3B44}"
EndProject
Global
	GlobalSection(SolutionConfigurationPlatforms) = preSolution
		Debug|Any CPU = Debug|Any CPU
		Release|Any CPU = Release|Any CPU
	EndGlobalSection
	GlobalSection(ProjectConfigurationPlatforms) = postSolution
		{85922AD5-0750-475E-8832-EF18540C654F}.Debug|Any CPU.ActiveCfg = Debug|Any CPU
		{85922AD5-0750-475E-8832-EF18540C654F}.Debug|Any CPU.Build.0 = Debug|Any CPU
		{85922AD5-0750-475E-8832-EF18540C654F}.Release|Any CPU.ActiveCfg = Release|Any CPU
		{85922AD5-0750-475E-8832-EF18540C654F}.Release|Any CPU.Build.0 = Release|Any CPU
		{AE311C5E-A72F-46AF-8C73-DC8580213905}.Debug|Any CPU.ActiveCfg = Debug|Any CPU
		{AE311C5E-A72F-46AF-8C73-DC8580213905}.Debug|Any CPU.Build.0 = Debug|Any CPU
		{AE311C5E-A72F-46AF-8C73-DC8580213905}.Release|Any CPU.ActiveCfg = Release|Any CPU
		{AE311C5E-A72F-46AF-8C73-DC8580213905}.Release|Any CPU.Build.0 = Release|Any CPU
		{E5D7134F-0A32-4BAF-9969-C99FD324E188}.Debug|Any CPU.ActiveCfg = Debug|Any CPU
		{E5D7134F-0A32-4BAF-9969-C99FD324E188}.Debug|Any CPU.Build.0 = Debug|Any CPU
		{E5D7134F-0A32-4BAF-9969-C99FD324E188}.Release|Any CPU.ActiveCfg = Release|Any CPU
		{E5D7134F-0A32-4BAF-9969-C99FD324E188}.Release|Any CPU.Build.0 = Release|Any CPU
		{D7D0CAD5-BBFF-4E26-8DC9-83D57A8B5F17}.Debug|Any CPU.ActiveCfg = Debug|Any CPU
		{D7D0CAD5-BBFF-4E26-8DC9-83D57A8B5F17}.Debug|Any CPU.Build.0 = Debug|Any CPU
		{D7D0CAD5-BBFF-4E26-8DC9-83D57A8B5F17}.Release|Any CPU.ActiveCfg = Release|Any CPU
		{D7D0CAD5-BBFF-4E26-8DC9-83D57A8B5F17}.Release|Any CPU.Build.0 = Release|Any CPU
		{2B2782D2-91F6-460F-89E7-4C2438749786}.Debug|Any CPU.ActiveCfg = Debug|Any CPU
		{2B2782D2-91F6-460F-89E7-4C2438749786}.Debug|Any CPU.Build.0 = Debug|Any CPU
		{2B2782D2-91F6-460F-89E7-4C2438749786}.Release|Any CPU.ActiveCfg = Release|Any CPU
		{2B2782D2-91F6-460F-89E7-4C2438749786}.Release|Any CPU.Build.0 = Release|Any CPU
		{D2D300D7-ED3E-4165-8FD3-F6CE2B8C236E}.Debug|Any CPU.ActiveCfg = Debug|Any CPU
		{D2D300D7-ED3E-4165-8FD3-F6CE2B8C236E}.Debug|Any CPU.Build.0 = Debug|Any CPU
		{D2D300D7-ED3E-4165-8FD3-F6CE2B8C236E}.Release|Any CPU.ActiveCfg = Release|Any CPU
		{D2D300D7-ED3E-4165-8FD3-F6CE2B8C236E}.Release|Any CPU.Build.0 = Release|Any CPU
		{DCA991A4-9E8A-4876-8F4D-959646DB3B44}.Debug|Any CPU.ActiveCfg = Debug|Any CPU
		{DCA991A4-9E8A-4876-8F4D-959646DB3B44}.Debug|Any CPU.Build.0 = Debug|Any CPU
		{DCA991A4-9E8A-4876-8F4D-959646DB3B44}.Release|Any CPU.ActiveCfg = Release|Any CPU
		{DCA991A4-9E8A-4876-8F4D-959646DB3B44}.Release|Any CPU.Build.0 = Release|Any CPU
	EndGlobalSection
EndGlobal
